
Microsoft Visual Studio Solution File, Format Version 12.00
# Visual Studio 15
VisualStudioVersion = 15.0.27703.2018
MinimumVisualStudioVersion = 10.0.40219.1
Project("{FAE04EC0-301F-11D3-BF4B-00C04F79EFBC}") = "SGV.Web", "SGV.Web\SGV.Web.csproj", "{CC7C4306-AED8-4086-AA49-3DB72231A1F6}"
EndProject
Project("{FAE04EC0-301F-11D3-BF4B-00C04F79EFBC}") = "SGV.Services", "SGV.Services\SGV.Services.csproj", "{6F29FD42-1A98-4ABF-B66D-C3FDF01F3D37}"
EndProject
Project("{FAE04EC0-301F-11D3-BF4B-00C04F79EFBC}") = "SGV.DAL", "SGV.DAL\SGV.DAL.csproj", "{CFDE806C-37DB-4DC6-9168-0B39FC8194BC}"
EndProject
Project("{FAE04EC0-301F-11D3-BF4B-00C04F79EFBC}") = "SGV.Models", "SGV.Models\SGV.Models.csproj", "{2B50F2B2-5522-4528-955C-53FF43F9BAF2}"
EndProject
Global
	GlobalSection(SolutionConfigurationPlatforms) = preSolution
		Debug|Any CPU = Debug|Any CPU
		Release|Any CPU = Release|Any CPU
	EndGlobalSection
	GlobalSection(ProjectConfigurationPlatforms) = postSolution
		{CC7C4306-AED8-4086-AA49-3DB72231A1F6}.Debug|Any CPU.ActiveCfg = Debug|Any CPU
		{CC7C4306-AED8-4086-AA49-3DB72231A1F6}.Debug|Any CPU.Build.0 = Debug|Any CPU
		{CC7C4306-AED8-4086-AA49-3DB72231A1F6}.Release|Any CPU.ActiveCfg = Release|Any CPU
		{CC7C4306-AED8-4086-AA49-3DB72231A1F6}.Release|Any CPU.Build.0 = Release|Any CPU
		{6F29FD42-1A98-4ABF-B66D-C3FDF01F3D37}.Debug|Any CPU.ActiveCfg = Debug|Any CPU
		{6F29FD42-1A98-4ABF-B66D-C3FDF01F3D37}.Debug|Any CPU.Build.0 = Debug|Any CPU
		{6F29FD42-1A98-4ABF-B66D-C3FDF01F3D37}.Release|Any CPU.ActiveCfg = Release|Any CPU
		{6F29FD42-1A98-4ABF-B66D-C3FDF01F3D37}.Release|Any CPU.Build.0 = Release|Any CPU
		{CFDE806C-37DB-4DC6-9168-0B39FC8194BC}.Debug|Any CPU.ActiveCfg = Debug|Any CPU
		{CFDE806C-37DB-4DC6-9168-0B39FC8194BC}.Debug|Any CPU.Build.0 = Debug|Any CPU
		{CFDE806C-37DB-4DC6-9168-0B39FC8194BC}.Release|Any CPU.ActiveCfg = Release|Any CPU
		{CFDE806C-37DB-4DC6-9168-0B39FC8194BC}.Release|Any CPU.Build.0 = Release|Any CPU
		{2B50F2B2-5522-4528-955C-53FF43F9BAF2}.Debug|Any CPU.ActiveCfg = Debug|Any CPU
		{2B50F2B2-5522-4528-955C-53FF43F9BAF2}.Debug|Any CPU.Build.0 = Debug|Any CPU
		{2B50F2B2-5522-4528-955C-53FF43F9BAF2}.Release|Any CPU.ActiveCfg = Release|Any CPU
		{2B50F2B2-5522-4528-955C-53FF43F9BAF2}.Release|Any CPU.Build.0 = Release|Any CPU
	EndGlobalSection
	GlobalSection(SolutionProperties) = preSolution
		HideSolutionNode = FALSE
	EndGlobalSection
	GlobalSection(ExtensibilityGlobals) = postSolution
		SolutionGuid = {349D01CA-D635-48CA-95D4-904D003016DA}
	EndGlobalSection
EndGlobal
